<?xml version="1.0" encoding="utf-8"?>
<Project ToolsVersion="4.0" xmlns="http://schemas.microsoft.com/developer/msbuild/2003">
  <ItemGroup>
    <Filter Include="Source Files">
      <UniqueIdentifier>{4FC737F1-C7A5-4376-A066-2A32D752A2FF}</UniqueIdentifier>
      <Extensions>cpp;c;cc;cxx;c++;cppm;ixx;def;odl;idl;hpj;bat;asm;asmx</Extensions>
    </Filter>
    <Filter Include="Header Files">
      <UniqueIdentifier>{93995380-89BD-4b04-88EB-625FBE52EBFB}</UniqueIdentifier>
      <Extensions>h;hh;hpp;hxx;h++;hm;inl;inc;ipp;xsd</Extensions>
    </Filter>
    <Filter Include="Resource Files">
      <UniqueIdentifier>{67DA6AB6-F800-4c08-8B7A-83BB121AAD01}</UniqueIdentifier>
      <Extensions>rc;ico;cur;bmp;dlg;rc2;rct;bin;rgs;gif;jpg;jpeg;jpe;resx;tiff;tif;png;wav;mfcribbon-ms</Extensions>
    </Filter>
  </ItemGroup>
  <ItemGroup>
    <ClCompile Include="src\main.cpp">
      <Filter>Source Files</Filter>
    </ClCompile>
    <ClCompile Include="src\game.cpp">
      <Filter>Source Files</Filter>
    </ClCompile>
    <ClCompile Include="src\engine\renderer\window.cpp">
      <Filter>Source Files</Filter>
    </ClCompile>
    <ClCompile Include="src\engine\renderer\device.cpp">
      <Filter>Source Files</Filter>
    </ClCompile>
    <ClCompile Include="src\engine\renderer\swapchain.cpp">
      <Filter>Source Files</Filter>
    </ClCompile>
    <ClCompile Include="src\engine\renderer\renderer.cpp">
      <Filter>Source Files</Filter>
    </ClCompile>
    <ClCompile Include="src\engine\renderer\buffer.cpp">
      <Filter>Source Files</Filter>
    </ClCompile>
    <ClCompile Include="src\engine\renderer\descriptor.cpp">
      <Filter>Source Files</Filter>
    </ClCompile>
    <ClCompile Include="src\engine\renderer\pipeline.cpp">
      <Filter>Source Files</Filter>
    </ClCompile>
    <ClCompile Include="src\utility.cpp">
      <Filter>Source Files</Filter>
    </ClCompile>
    <ClCompile Include="src\engine\renderer\model.cpp">
      <Filter>Source Files</Filter>
    </ClCompile>
    <ClCompile Include="src\engine\renderer\texture.cpp">
      <Filter>Source Files</Filter>
    </ClCompile>
    <ClCompile Include="src\engine\camera.cpp">
      <Filter>Source Files</Filter>
    </ClCompile>
    <ClCompile Include="src\noise.cpp">
      <Filter>Source Files</Filter>
    </ClCompile>
    <ClCompile Include="src\player.cpp">
      <Filter>Source Files</Filter>
    </ClCompile>
    <ClCompile Include="src\chunk.cpp">
      <Filter>Source Files</Filter>
    </ClCompile>
    <ClCompile Include="src\world.cpp">
      <Filter>Source Files</Filter>
    </ClCompile>
  </ItemGroup>
  <ItemGroup>
    <None Include="src\.clang-format" />
    <None Include="src\shaders\compiler\compile.bat">
      <Filter>Source Files</Filter>
    </None>
    <None Include="src\shaders\compiler\glslc.exe" />
    <None Include="src\shaders\tutorial_shader.frag" />
    <None Include="src\shaders\tutorial_shader.vert" />
    <None Include="src\shaders\tutorial_shader_frag.spv" />
    <None Include="src\shaders\tutorial_shader_vert.spv" />
  </ItemGroup>
  <ItemGroup>
    <ClInclude Include="src\game.hpp">
      <Filter>Header Files</Filter>
    </ClInclude>
    <ClInclude Include="src\engine\renderer\window.hpp">
      <Filter>Header Files</Filter>
    </ClInclude>
    <ClInclude Include="src\engine\renderer\device.hpp">
      <Filter>Header Files</Filter>
    </ClInclude>
    <ClInclude Include="src\engine\renderer\swapchain.hpp">
      <Filter>Header Files</Filter>
    </ClInclude>
    <ClInclude Include="src\engine\renderer\pipeline.hpp">
      <Filter>Header Files</Filter>
    </ClInclude>
    <ClInclude Include="src\engine\renderer\buffer.hpp">
      <Filter>Header Files</Filter>
    </ClInclude>
    <ClInclude Include="src\engine\renderer\model.hpp">
      <Filter>Header Files</Filter>
    </ClInclude>
    <ClInclude Include="src\engine\renderer\descriptor.hpp">
      <Filter>Header Files</Filter>
    </ClInclude>
    <ClInclude Include="src\engine\renderer\renderer.hpp">
      <Filter>Header Files</Filter>
    </ClInclude>
    <ClInclude Include="src\utility.hpp">
      <Filter>Header Files</Filter>
    </ClInclude>
    <ClInclude Include="src\engine\renderer\texture.hpp">
      <Filter>Header Files</Filter>
    </ClInclude>
    <ClInclude Include="src\engine\camera.hpp">
      <Filter>Header Files</Filter>
    </ClInclude>
    <ClInclude Include="src\noise.hpp">
      <Filter>Header Files</Filter>
    </ClInclude>
    <ClInclude Include="src\player.hpp">
      <Filter>Header Files</Filter>
    </ClInclude>
    <ClInclude Include="src\chunk.hpp">
      <Filter>Header Files</Filter>
    </ClInclude>
    <ClInclude Include="src\world.hpp">
      <Filter>Header Files</Filter>
    </ClInclude>
  </ItemGroup>
</Project>